# This file is automatically @generated by Cargo.
# It is not intended for manual editing.
version = 4

[[package]]
name = "nes-bus"
version = "0.1.0"
source = "git+https://github.com/tinymachines/nes-bus?tag=v0.1.1#68718e8ffa4523ef027d0b8f2bd05d3748dd709a"

[[package]]
name = "nes-glue"
version = "0.1.0"
dependencies = [
 "nes-bus",
]
